
Microsoft Visual Studio Solution File, Format Version 12.00
# Visual Studio Version 17
VisualStudioVersion = 17.1.32210.238
MinimumVisualStudioVersion = 10.0.40219.1
Project("{FAE04EC0-301F-11D3-BF4B-00C04F79EFBC}") = "GlobalLogic.ShopApp.Api", "GlobalLogic.ShopApp.Api\GlobalLogic.ShopApp.Api.csproj", "{6DA5AF2F-15FF-4747-A7F2-069FA1B96888}"
EndProject
Global
	GlobalSection(SolutionConfigurationPlatforms) = preSolution
		Debug|Any CPU = Debug|Any CPU
		Release|Any CPU = Release|Any CPU
	EndGlobalSection
	GlobalSection(ProjectConfigurationPlatforms) = postSolution
		{6DA5AF2F-15FF-4747-A7F2-069FA1B96888}.Debug|Any CPU.ActiveCfg = Debug|Any CPU
		{6DA5AF2F-15FF-4747-A7F2-069FA1B96888}.Debug|Any CPU.Build.0 = Debug|Any CPU
		{6DA5AF2F-15FF-4747-A7F2-069FA1B96888}.Release|Any CPU.ActiveCfg = Release|Any CPU
		{6DA5AF2F-15FF-4747-A7F2-069FA1B96888}.Release|Any CPU.Build.0 = Release|Any CPU
	EndGlobalSection
	GlobalSection(SolutionProperties) = preSolution
		HideSolutionNode = FALSE
	EndGlobalSection
	GlobalSection(ExtensibilityGlobals) = postSolution
		SolutionGuid = {8278E152-5DE2-4EFE-A136-421F192D2244}
	EndGlobalSection
EndGlobal
